
Microsoft Visual Studio Solution File, Format Version 12.00
# Visual Studio Version 17
VisualStudioVersion = 17.3.32804.467
MinimumVisualStudioVersion = 10.0.40219.1
Project("{FAE04EC0-301F-11D3-BF4B-00C04F79EFBC}") = "ConsoleApplicationForCostControl", "ConsoleApplicationForCostControl\ConsoleApplicationForCostControl.csproj", "{FDC5C54A-5EBA-4B8A-AF22-1389E7C30E10}"
EndProject
Project("{FAE04EC0-301F-11D3-BF4B-00C04F79EFBC}") = "UnitTests", "UnitTests\UnitTests.csproj", "{75EB672F-EEB3-4051-8E87-A38BA154B183}"
EndProject
Global
	GlobalSection(SolutionConfigurationPlatforms) = preSolution
		Debug|Any CPU = Debug|Any CPU
		Release|Any CPU = Release|Any CPU
	EndGlobalSection
	GlobalSection(ProjectConfigurationPlatforms) = postSolution
		{FDC5C54A-5EBA-4B8A-AF22-1389E7C30E10}.Debug|Any CPU.ActiveCfg = Debug|Any CPU
		{FDC5C54A-5EBA-4B8A-AF22-1389E7C30E10}.Debug|Any CPU.Build.0 = Debug|Any CPU
		{FDC5C54A-5EBA-4B8A-AF22-1389E7C30E10}.Release|Any CPU.ActiveCfg = Release|Any CPU
		{FDC5C54A-5EBA-4B8A-AF22-1389E7C30E10}.Release|Any CPU.Build.0 = Release|Any CPU
		{75EB672F-EEB3-4051-8E87-A38BA154B183}.Debug|Any CPU.ActiveCfg = Debug|Any CPU
		{75EB672F-EEB3-4051-8E87-A38BA154B183}.Debug|Any CPU.Build.0 = Debug|Any CPU
		{75EB672F-EEB3-4051-8E87-A38BA154B183}.Release|Any CPU.ActiveCfg = Release|Any CPU
		{75EB672F-EEB3-4051-8E87-A38BA154B183}.Release|Any CPU.Build.0 = Release|Any CPU
	EndGlobalSection
	GlobalSection(SolutionProperties) = preSolution
		HideSolutionNode = FALSE
	EndGlobalSection
	GlobalSection(ExtensibilityGlobals) = postSolution
		SolutionGuid = {7B21615C-E53D-487B-BA93-950CCA5A677D}
	EndGlobalSection
EndGlobal
